
Microsoft Visual Studio Solution File, Format Version 12.00
# Visual Studio 15
Project("{FAE04EC0-301F-11D3-BF4B-00C04F79EFBC}") = "Assembly-CSharp", "Assembly-CSharp.csproj", "{B8072D92-3F1F-4F1B-AC63-D1F6B738AED0}"
EndProject
Project("{9A19103F-16F7-4668-BE54-9A1E7A4F7556}") = "AuthServer", "Projekty\AuthServer\AuthServer.csproj", "{DFC6DAB0-A749-4871-9FC4-077D84542F09}"
EndProject
Project("{9A19103F-16F7-4668-BE54-9A1E7A4F7556}") = "Networking", "Projekty\Networking\Networking.csproj", "{55C507E1-1813-458D-B630-CB07E20DC665}"
EndProject
Project("{9A19103F-16F7-4668-BE54-9A1E7A4F7556}") = "WorldServer", "Projekty\WorldServer\WorldServer.csproj", "{81624D3C-D7B5-4367-B18A-F6378451ED78}"
EndProject
Global
	GlobalSection(SolutionConfigurationPlatforms) = preSolution
		Debug|Any CPU = Debug|Any CPU
		Release|Any CPU = Release|Any CPU
	EndGlobalSection
	GlobalSection(ProjectConfigurationPlatforms) = postSolution
		{B8072D92-3F1F-4F1B-AC63-D1F6B738AED0}.Debug|Any CPU.ActiveCfg = Debug|Any CPU
		{B8072D92-3F1F-4F1B-AC63-D1F6B738AED0}.Debug|Any CPU.Build.0 = Debug|Any CPU
		{B8072D92-3F1F-4F1B-AC63-D1F6B738AED0}.Release|Any CPU.ActiveCfg = Release|Any CPU
		{B8072D92-3F1F-4F1B-AC63-D1F6B738AED0}.Release|Any CPU.Build.0 = Release|Any CPU
		{DFC6DAB0-A749-4871-9FC4-077D84542F09}.Debug|Any CPU.ActiveCfg = Debug|Any CPU
		{DFC6DAB0-A749-4871-9FC4-077D84542F09}.Debug|Any CPU.Build.0 = Debug|Any CPU
		{DFC6DAB0-A749-4871-9FC4-077D84542F09}.Release|Any CPU.ActiveCfg = Release|Any CPU
		{DFC6DAB0-A749-4871-9FC4-077D84542F09}.Release|Any CPU.Build.0 = Release|Any CPU
		{55C507E1-1813-458D-B630-CB07E20DC665}.Debug|Any CPU.ActiveCfg = Debug|Any CPU
		{55C507E1-1813-458D-B630-CB07E20DC665}.Debug|Any CPU.Build.0 = Debug|Any CPU
		{55C507E1-1813-458D-B630-CB07E20DC665}.Release|Any CPU.ActiveCfg = Release|Any CPU
		{55C507E1-1813-458D-B630-CB07E20DC665}.Release|Any CPU.Build.0 = Release|Any CPU
		{81624D3C-D7B5-4367-B18A-F6378451ED78}.Debug|Any CPU.ActiveCfg = Debug|Any CPU
		{81624D3C-D7B5-4367-B18A-F6378451ED78}.Debug|Any CPU.Build.0 = Debug|Any CPU
		{81624D3C-D7B5-4367-B18A-F6378451ED78}.Release|Any CPU.ActiveCfg = Release|Any CPU
		{81624D3C-D7B5-4367-B18A-F6378451ED78}.Release|Any CPU.Build.0 = Release|Any CPU
	EndGlobalSection
	GlobalSection(SolutionProperties) = preSolution
		HideSolutionNode = FALSE
	EndGlobalSection
EndGlobal
